
Microsoft Visual Studio Solution File, Format Version 12.00
# Visual Studio Version 16
VisualStudioVersion = 16.0.28803.452
MinimumVisualStudioVersion = 10.0.40219.1
Project("{FAE04EC0-301F-11D3-BF4B-00C04F79EFBC}") = "AutomataSimulator", "AutomataSimulator\AutomataSimulator.csproj", "{17F1853D-E622-4B8C-B6EC-BBB7F3BEC842}"
EndProject
Project("{FAE04EC0-301F-11D3-BF4B-00C04F79EFBC}") = "Automata", "Automata\Automata.csproj", "{C8DB8938-6F62-4396-B680-1C63E5806736}"
EndProject
Project("{FAE04EC0-301F-11D3-BF4B-00C04F79EFBC}") = "ConceptsOfProgrammingLanguages", "ConceptsOfProgrammingLanguages\ConceptsOfProgrammingLanguages.csproj", "{8156896B-AF54-4158-85BD-4B197866D1E4}"
EndProject
Global
	GlobalSection(SolutionConfigurationPlatforms) = preSolution
		Debug|Any CPU = Debug|Any CPU
		Debug|ARM = Debug|ARM
		Debug|x64 = Debug|x64
		Debug|x86 = Debug|x86
		Release|Any CPU = Release|Any CPU
		Release|ARM = Release|ARM
		Release|x64 = Release|x64
		Release|x86 = Release|x86
	EndGlobalSection
	GlobalSection(ProjectConfigurationPlatforms) = postSolution
		{17F1853D-E622-4B8C-B6EC-BBB7F3BEC842}.Debug|Any CPU.ActiveCfg = Debug|Any CPU
		{17F1853D-E622-4B8C-B6EC-BBB7F3BEC842}.Debug|Any CPU.Build.0 = Debug|Any CPU
		{17F1853D-E622-4B8C-B6EC-BBB7F3BEC842}.Debug|ARM.ActiveCfg = Debug|Any CPU
		{17F1853D-E622-4B8C-B6EC-BBB7F3BEC842}.Debug|x64.ActiveCfg = Debug|Any CPU
		{17F1853D-E622-4B8C-B6EC-BBB7F3BEC842}.Debug|x86.ActiveCfg = Debug|Any CPU
		{17F1853D-E622-4B8C-B6EC-BBB7F3BEC842}.Release|Any CPU.ActiveCfg = Release|Any CPU
		{17F1853D-E622-4B8C-B6EC-BBB7F3BEC842}.Release|Any CPU.Build.0 = Release|Any CPU
		{17F1853D-E622-4B8C-B6EC-BBB7F3BEC842}.Release|ARM.ActiveCfg = Release|Any CPU
		{17F1853D-E622-4B8C-B6EC-BBB7F3BEC842}.Release|x64.ActiveCfg = Release|Any CPU
		{17F1853D-E622-4B8C-B6EC-BBB7F3BEC842}.Release|x86.ActiveCfg = Release|Any CPU
		{C8DB8938-6F62-4396-B680-1C63E5806736}.Debug|Any CPU.ActiveCfg = Debug|Any CPU
		{C8DB8938-6F62-4396-B680-1C63E5806736}.Debug|Any CPU.Build.0 = Debug|Any CPU
		{C8DB8938-6F62-4396-B680-1C63E5806736}.Debug|ARM.ActiveCfg = Debug|Any CPU
		{C8DB8938-6F62-4396-B680-1C63E5806736}.Debug|x64.ActiveCfg = Debug|Any CPU
		{C8DB8938-6F62-4396-B680-1C63E5806736}.Debug|x86.ActiveCfg = Debug|Any CPU
		{C8DB8938-6F62-4396-B680-1C63E5806736}.Release|Any CPU.ActiveCfg = Release|Any CPU
		{C8DB8938-6F62-4396-B680-1C63E5806736}.Release|Any CPU.Build.0 = Release|Any CPU
		{C8DB8938-6F62-4396-B680-1C63E5806736}.Release|ARM.ActiveCfg = Release|Any CPU
		{C8DB8938-6F62-4396-B680-1C63E5806736}.Release|x64.ActiveCfg = Release|Any CPU
		{C8DB8938-6F62-4396-B680-1C63E5806736}.Release|x86.ActiveCfg = Release|Any CPU
		{8156896B-AF54-4158-85BD-4B197866D1E4}.Debug|Any CPU.ActiveCfg = Debug|Any CPU
		{8156896B-AF54-4158-85BD-4B197866D1E4}.Debug|Any CPU.Build.0 = Debug|Any CPU
		{8156896B-AF54-4158-85BD-4B197866D1E4}.Debug|ARM.ActiveCfg = Debug|Any CPU
		{8156896B-AF54-4158-85BD-4B197866D1E4}.Debug|ARM.Build.0 = Debug|Any CPU
		{8156896B-AF54-4158-85BD-4B197866D1E4}.Debug|x64.ActiveCfg = Debug|Any CPU
		{8156896B-AF54-4158-85BD-4B197866D1E4}.Debug|x64.Build.0 = Debug|Any CPU
		{8156896B-AF54-4158-85BD-4B197866D1E4}.Debug|x86.ActiveCfg = Debug|Any CPU
		{8156896B-AF54-4158-85BD-4B197866D1E4}.Debug|x86.Build.0 = Debug|Any CPU
		{8156896B-AF54-4158-85BD-4B197866D1E4}.Release|Any CPU.ActiveCfg = Release|Any CPU
		{8156896B-AF54-4158-85BD-4B197866D1E4}.Release|Any CPU.Build.0 = Release|Any CPU
		{8156896B-AF54-4158-85BD-4B197866D1E4}.Release|ARM.ActiveCfg = Release|Any CPU
		{8156896B-AF54-4158-85BD-4B197866D1E4}.Release|ARM.Build.0 = Release|Any CPU
		{8156896B-AF54-4158-85BD-4B197866D1E4}.Release|x64.ActiveCfg = Release|Any CPU
		{8156896B-AF54-4158-85BD-4B197866D1E4}.Release|x64.Build.0 = Release|Any CPU
		{8156896B-AF54-4158-85BD-4B197866D1E4}.Release|x86.ActiveCfg = Release|Any CPU
		{8156896B-AF54-4158-85BD-4B197866D1E4}.Release|x86.Build.0 = Release|Any CPU
	EndGlobalSection
	GlobalSection(SolutionProperties) = preSolution
		HideSolutionNode = FALSE
	EndGlobalSection
	GlobalSection(ExtensibilityGlobals) = postSolution
		SolutionGuid = {D1F8D08A-6A9F-4EB8-9E0D-57C520F54740}
	EndGlobalSection
EndGlobal
